
Microsoft Visual Studio Solution File, Format Version 12.00
# Visual Studio Version 17
VisualStudioVersion = 17.9.34616.47
MinimumVisualStudioVersion = 10.0.40219.1
Project("{FAE04EC0-301F-11D3-BF4B-00C04F79EFBC}") = "FoodOrder.API", "FoodOrder.API\FoodOrder.API.csproj", "{A6622EFB-D509-4E6F-9A1B-3D9FA0FDA0D8}"
EndProject
Global
	GlobalSection(SolutionConfigurationPlatforms) = preSolution
		Debug|Any CPU = Debug|Any CPU
		Release|Any CPU = Release|Any CPU
	EndGlobalSection
	GlobalSection(ProjectConfigurationPlatforms) = postSolution
		{A6622EFB-D509-4E6F-9A1B-3D9FA0FDA0D8}.Debug|Any CPU.ActiveCfg = Debug|Any CPU
		{A6622EFB-D509-4E6F-9A1B-3D9FA0FDA0D8}.Debug|Any CPU.Build.0 = Debug|Any CPU
		{A6622EFB-D509-4E6F-9A1B-3D9FA0FDA0D8}.Release|Any CPU.ActiveCfg = Release|Any CPU
		{A6622EFB-D509-4E6F-9A1B-3D9FA0FDA0D8}.Release|Any CPU.Build.0 = Release|Any CPU
	EndGlobalSection
	GlobalSection(SolutionProperties) = preSolution
		HideSolutionNode = FALSE
	EndGlobalSection
	GlobalSection(ExtensibilityGlobals) = postSolution
		SolutionGuid = {135616E8-498E-4066-911F-07E5356E9408}
	EndGlobalSection
EndGlobal
